version = 1
revision = 3
requires-python = ">=3.10"

[[package]]
name = "acs310-test"
version = "0.1.0"
source = { virtual = "." }
dependencies = [
    { name = "pymodbus" },
    { name = "pyserial" },
]

[package.metadata]
requires-dist = [
    { name = "pymodbus", specifier = ">=3.11.4" },
    { name = "pyserial", specifier = ">=3.5" },
]

[[package]]
name = "pymodbus"
version = "3.11.4"
source = { registry = "https://pypi.org/simple" }
sdist = { url = "https://files.pythonhosted.org/packages/2a/af/bbb716301ab9c60f0702c3cdf72cc0e373286a5648fe16bc4431400489dc/pymodbus-3.11.4.tar.gz", hash = "sha256:6910e385cb6b2f983cd457e9ecee2ff580dbb23cf3d84aefec0845e71edd606a", size = 163422, upload-time = "2025-11-30T10:36:33.717Z" }
wheels = [
    { url = "https://files.pythonhosted.org/packages/02/80/84c32440949c77f2c201c38e5fa56fd8f19da31bf24df55bdbdaba67767c/pymodbus-3.11.4-py3-none-any.whl", hash = "sha256:89865929f53bd5e32b4076dde00ee86d9b8afb1686832ed74e69d55df22729c3", size = 166002, upload-time = "2025-11-30T10:36:31.992Z" },
]

[[package]]
name = "pyserial"
version = "3.5"
source = { registry = "https://pypi.org/simple" }
sdist = { url = "https://files.pythonhosted.org/packages/1e/7d/ae3f0a63f41e4d2f6cb66a5b57197850f919f59e558159a4dd3a818f5082/pyserial-3.5.tar.gz", hash = "sha256:3c77e014170dfffbd816e6ffc205e9842efb10be9f58ec16d3e8675b4925cddb", size = 159125, upload-time = "2020-11-23T03:59:15.045Z" }
wheels = [
    { url = "https://files.pythonhosted.org/packages/07/bc/587a445451b253b285629263eb51c2d8e9bcea4fc97826266d186f96f558/pyserial-3.5-py2.py3-none-any.whl", hash = "sha256:c4451db6ba391ca6ca299fb3ec7bae67a5c55dde170964c7a14ceefec02f2cf0", size = 90585, upload-time = "2020-11-23T03:59:13.41Z" },
]
